
Microsoft Visual Studio Solution File, Format Version 12.00
# Visual Studio Version 16
VisualStudioVersion = 16.0.29709.97
MinimumVisualStudioVersion = 10.0.40219.1
Project("{FAE04EC0-301F-11D3-BF4B-00C04F79EFBC}") = "Einkaufsliste", "Einkaufsliste\Einkaufsliste.csproj", "{F5148714-766E-4F70-B480-2BE8A34E0901}"
EndProject
Global
	GlobalSection(SolutionConfigurationPlatforms) = preSolution
		Debug|Any CPU = Debug|Any CPU
		Release|Any CPU = Release|Any CPU
	EndGlobalSection
	GlobalSection(ProjectConfigurationPlatforms) = postSolution
		{F5148714-766E-4F70-B480-2BE8A34E0901}.Debug|Any CPU.ActiveCfg = Debug|Any CPU
		{F5148714-766E-4F70-B480-2BE8A34E0901}.Debug|Any CPU.Build.0 = Debug|Any CPU
		{F5148714-766E-4F70-B480-2BE8A34E0901}.Release|Any CPU.ActiveCfg = Release|Any CPU
		{F5148714-766E-4F70-B480-2BE8A34E0901}.Release|Any CPU.Build.0 = Release|Any CPU
	EndGlobalSection
	GlobalSection(SolutionProperties) = preSolution
		HideSolutionNode = FALSE
	EndGlobalSection
	GlobalSection(ExtensibilityGlobals) = postSolution
		SolutionGuid = {1D35C3E1-9CC5-4488-9D42-7076E76212AF}
	EndGlobalSection
EndGlobal
